
Microsoft Visual Studio Solution File, Format Version 12.00
# Visual Studio Version 17
VisualStudioVersion = 17.13.35825.156 d17.13
MinimumVisualStudioVersion = 10.0.40219.1
Project("{FAE04EC0-301F-11D3-BF4B-00C04F79EFBC}") = "JiwaAPITests", "JiwaAPITests.csproj", "{5F510E01-6F41-4CBD-B74A-22AB7F642E1B}"
EndProject
Global
	GlobalSection(SolutionConfigurationPlatforms) = preSolution
		Debug|Any CPU = Debug|Any CPU
		Release|Any CPU = Release|Any CPU
	EndGlobalSection
	GlobalSection(ProjectConfigurationPlatforms) = postSolution
		{5F510E01-6F41-4CBD-B74A-22AB7F642E1B}.Debug|Any CPU.ActiveCfg = Debug|Any CPU
		{5F510E01-6F41-4CBD-B74A-22AB7F642E1B}.Debug|Any CPU.Build.0 = Debug|Any CPU
		{5F510E01-6F41-4CBD-B74A-22AB7F642E1B}.Release|Any CPU.ActiveCfg = Release|Any CPU
		{5F510E01-6F41-4CBD-B74A-22AB7F642E1B}.Release|Any CPU.Build.0 = Release|Any CPU
	EndGlobalSection
	GlobalSection(SolutionProperties) = preSolution
		HideSolutionNode = FALSE
	EndGlobalSection
	GlobalSection(ExtensibilityGlobals) = postSolution
		SolutionGuid = {69A2B235-3DB7-449F-86D7-5A0B4D56A3D3}
	EndGlobalSection
EndGlobal
